
Microsoft Visual Studio Solution File, Format Version 12.00
# Visual Studio Version 17
VisualStudioVersion = 17.9.34714.143
MinimumVisualStudioVersion = 10.0.40219.1
Project("{FAE04EC0-301F-11D3-BF4B-00C04F79EFBC}") = "Telegram_Message_Parser", "Telegram_Message_Parser\Telegram_Message_Parser.csproj", "{9C65B66A-9594-4979-9A8B-7DED4B53256E}"
EndProject
Global
	GlobalSection(SolutionConfigurationPlatforms) = preSolution
		Debug|Any CPU = Debug|Any CPU
		Release|Any CPU = Release|Any CPU
	EndGlobalSection
	GlobalSection(ProjectConfigurationPlatforms) = postSolution
		{9C65B66A-9594-4979-9A8B-7DED4B53256E}.Debug|Any CPU.ActiveCfg = Debug|Any CPU
		{9C65B66A-9594-4979-9A8B-7DED4B53256E}.Debug|Any CPU.Build.0 = Debug|Any CPU
		{9C65B66A-9594-4979-9A8B-7DED4B53256E}.Release|Any CPU.ActiveCfg = Release|Any CPU
		{9C65B66A-9594-4979-9A8B-7DED4B53256E}.Release|Any CPU.Build.0 = Release|Any CPU
	EndGlobalSection
	GlobalSection(SolutionProperties) = preSolution
		HideSolutionNode = FALSE
	EndGlobalSection
	GlobalSection(ExtensibilityGlobals) = postSolution
		SolutionGuid = {EC25B782-4FFE-42F7-90A4-F1A0C59FC8C1}
	EndGlobalSection
EndGlobal
